// !$*UTF8*$!
{
	archiveVersion = 1;
	classes = {
	};
	objectVersion = 51;
	objects = {

/* Begin PBXBuildFile section */
		13E6AFCA1F837775253FB43F /* Pods_Waypoint.framework in Frameworks */ = {isa = PBXBuildFile; fileRef = 4732C8D7DAADC2F592339DCB /* Pods_Waypoint.framework */; };
		C510EFAF21ADAFE500243FA2 /* DBManager.swift in Sources */ = {isa = PBXBuildFile; fileRef = C510EFAE21ADAFE500243FA2 /* DBManager.swift */; };
		C5BD13A821DF4B9C00BE7F17 /* GeoFenceManager.swift in Sources */ = {isa = PBXBuildFile; fileRef = C5BD13A721DF4B9C00BE7F17 /* GeoFenceManager.swift */; };
		D118587B226646C5001F183C /* Roboto-LightItalic.ttf in Resources */ = {isa = PBXBuildFile; fileRef = D118587A226646C4001F183C /* Roboto-LightItalic.ttf */; };
		D12A54FD2272152C00A471C2 /* ForgotPasswordViewController.swift in Sources */ = {isa = PBXBuildFile; fileRef = D12A54FC2272152B00A471C2 /* ForgotPasswordViewController.swift */; };
		D140339321CA97F40030BC62 /* LinkWidget.swift in Sources */ = {isa = PBXBuildFile; fileRef = D140339221CA97F40030BC62 /* LinkWidget.swift */; };
		D140339521CAF1890030BC62 /* UINoteView.swift in Sources */ = {isa = PBXBuildFile; fileRef = D140339421CAF1890030BC62 /* UINoteView.swift */; };
		D140339721CAF5370030BC62 /* NoteLayoutViewController.swift in Sources */ = {isa = PBXBuildFile; fileRef = D140339621CAF5370030BC62 /* NoteLayoutViewController.swift */; };
		D1427CA2223B016F00B7512C /* loading.gif in Resources */ = {isa = PBXBuildFile; fileRef = D1427CA1223B016C00B7512C /* loading.gif */; };
		D1427CA4223BEB8700B7512C /* CreateDrawingViewController.swift in Sources */ = {isa = PBXBuildFile; fileRef = D1427CA3223BEB8600B7512C /* CreateDrawingViewController.swift */; };
		D17A0D4722765BDC0054D6FB /* EditNoteViewController.swift in Sources */ = {isa = PBXBuildFile; fileRef = D17A0D4622765BDC0054D6FB /* EditNoteViewController.swift */; };
		D17A0D49227748D10054D6FB /* refreshGif.gif in Resources */ = {isa = PBXBuildFile; fileRef = D17A0D48227748D00054D6FB /* refreshGif.gif */; };
		D17A0D4B2277491C0054D6FB /* refreshGif@3x.gif in Resources */ = {isa = PBXBuildFile; fileRef = D17A0D4A2277491A0054D6FB /* refreshGif@3x.gif */; };
		D17A0D4D227749510054D6FB /* refreshGif@2x.gif in Resources */ = {isa = PBXBuildFile; fileRef = D17A0D4C2277494F0054D6FB /* refreshGif@2x.gif */; };
		D17A0D4F22778F280054D6FB /* drawingGif.gif in Resources */ = {isa = PBXBuildFile; fileRef = D17A0D4E22778F230054D6FB /* drawingGif.gif */; };
		D17A0D51227898290054D6FB /* NoteBar.swift in Sources */ = {isa = PBXBuildFile; fileRef = D17A0D50227898280054D6FB /* NoteBar.swift */; };
		D18862A522617E1000998F91 /* FullScreenImageViewController.swift in Sources */ = {isa = PBXBuildFile; fileRef = D18862A422617E1000998F91 /* FullScreenImageViewController.swift */; };
		D18BCE20226E9D30009E83DC /* ErrorBar.swift in Sources */ = {isa = PBXBuildFile; fileRef = D18BCE1F226E9D2F009E83DC /* ErrorBar.swift */; };
		D1A7998121BA631F002AF7B2 /* CustomPointAnnotation.swift in Sources */ = {isa = PBXBuildFile; fileRef = D1A7998021BA631F002AF7B2 /* CustomPointAnnotation.swift */; };
		D1A7998721BA6EF3002AF7B2 /* MyBulletinViewController.swift in Sources */ = {isa = PBXBuildFile; fileRef = D1A7998621BA6EF3002AF7B2 /* MyBulletinViewController.swift */; };
		D1A7998921BA6FE7002AF7B2 /* SettingsViewController.swift in Sources */ = {isa = PBXBuildFile; fileRef = D1A7998821BA6FE7002AF7B2 /* SettingsViewController.swift */; };
		D1A7998B21BB3906002AF7B2 /* SignInViewController.swift in Sources */ = {isa = PBXBuildFile; fileRef = D1A7998A21BB3906002AF7B2 /* SignInViewController.swift */; };
		D1A7999121BC68DE002AF7B2 /* SignUpViewController.swift in Sources */ = {isa = PBXBuildFile; fileRef = D1A7999021BC68DE002AF7B2 /* SignUpViewController.swift */; };
		D1A8EE252232F77600B308CF /* UIImage+Gif.swift in Sources */ = {isa = PBXBuildFile; fileRef = D1A8EE242232F77600B308CF /* UIImage+Gif.swift */; };
		D1A8EE322235BFB800B308CF /* Roboto-Regular.ttf in Resources */ = {isa = PBXBuildFile; fileRef = D1A8EE302235BFB800B308CF /* Roboto-Regular.ttf */; };
		D1A8EE332235BFB800B308CF /* Roboto-Bold.ttf in Resources */ = {isa = PBXBuildFile; fileRef = D1A8EE312235BFB800B308CF /* Roboto-Bold.ttf */; };
		D1A8EE352235C04100B308CF /* Roboto-Medium.ttf in Resources */ = {isa = PBXBuildFile; fileRef = D1A8EE342235C04100B308CF /* Roboto-Medium.ttf */; };
		D1A8EE372235C47E00B308CF /* Roboto-MediumItalic.ttf in Resources */ = {isa = PBXBuildFile; fileRef = D1A8EE362235C47E00B308CF /* Roboto-MediumItalic.ttf */; };
		D1AE58C8219E025E003FF5DB /* AppDelegate.swift in Sources */ = {isa = PBXBuildFile; fileRef = D1AE58C7219E025E003FF5DB /* AppDelegate.swift */; };
		D1AE58CA219E025E003FF5DB /* MapViewController.swift in Sources */ = {isa = PBXBuildFile; fileRef = D1AE58C9219E025E003FF5DB /* MapViewController.swift */; };
		D1AE58CD219E025E003FF5DB /* Main.storyboard in Resources */ = {isa = PBXBuildFile; fileRef = D1AE58CB219E025E003FF5DB /* Main.storyboard */; };
		D1AE58CF219E0262003FF5DB /* Assets.xcassets in Resources */ = {isa = PBXBuildFile; fileRef = D1AE58CE219E0262003FF5DB /* Assets.xcassets */; };
		D1AE58D2219E0262003FF5DB /* LaunchScreen.storyboard in Resources */ = {isa = PBXBuildFile; fileRef = D1AE58D0219E0262003FF5DB /* LaunchScreen.storyboard */; };
		D1AE58DA219E0F5C003FF5DB /* NoteView.swift in Sources */ = {isa = PBXBuildFile; fileRef = D1AE58D9219E0F5C003FF5DB /* NoteView.swift */; };
		D1AE58DC219E5183003FF5DB /* Note.swift in Sources */ = {isa = PBXBuildFile; fileRef = D1AE58DB219E5183003FF5DB /* Note.swift */; };
		D1AE58E4219F894E003FF5DB /* CreateNoteViewController.swift in Sources */ = {isa = PBXBuildFile; fileRef = D1AE58E3219F894E003FF5DB /* CreateNoteViewController.swift */; };
		D1AE58F421ADD967003FF5DB /* NoteCreator.swift in Sources */ = {isa = PBXBuildFile; fileRef = D1AE58F321ADD967003FF5DB /* NoteCreator.swift */; };
		D1B648FC21B6426400B74900 /* Podfile in Resources */ = {isa = PBXBuildFile; fileRef = D1B648FB21B6426400B74900 /* Podfile */; };
		D1D35D2321B7118600272F76 /* GoogleService-Info.plist in Resources */ = {isa = PBXBuildFile; fileRef = D1D35D2221B7118600272F76 /* GoogleService-Info.plist */; };
		D1DBA67D222B4A56006D5728 /* Lato-Bold.ttf in Resources */ = {isa = PBXBuildFile; fileRef = D1DBA67B222B4A3E006D5728 /* Lato-Bold.ttf */; };
		D1DBA67E222B4A59006D5728 /* Lato-Regular.ttf in Resources */ = {isa = PBXBuildFile; fileRef = D1DBA67C222B4A40006D5728 /* Lato-Regular.ttf */; };
		D1DDA16521C2B9ED00E3F2B0 /* TitleView.swift in Sources */ = {isa = PBXBuildFile; fileRef = D1DDA16421C2B9EC00E3F2B0 /* TitleView.swift */; };
		D1DDA16721C2C69300E3F2B0 /* TextWidget.swift in Sources */ = {isa = PBXBuildFile; fileRef = D1DDA16621C2C69300E3F2B0 /* TextWidget.swift */; };
		D1DDA16921C45DB900E3F2B0 /* ImageFrameView.swift in Sources */ = {isa = PBXBuildFile; fileRef = D1DDA16821C45DB900E3F2B0 /* ImageFrameView.swift */; };
		D1DDA17321C863EA00E3F2B0 /* DrawingWidget.swift in Sources */ = {isa = PBXBuildFile; fileRef = D1DDA17221C863EA00E3F2B0 /* DrawingWidget.swift */; };
		D1DDA17521C9C73700E3F2B0 /* ExploreNearbyNotesViewController.swift in Sources */ = {isa = PBXBuildFile; fileRef = D1DDA17421C9C73700E3F2B0 /* ExploreNearbyNotesViewController.swift */; };
		D1F8F4332237F35100C5A997 /* ImageFullScreen.swift in Sources */ = {isa = PBXBuildFile; fileRef = D1F8F4322237F35000C5A997 /* ImageFullScreen.swift */; };
		D1F8F4352238021400C5A997 /* AddWidgetView.swift in Sources */ = {isa = PBXBuildFile; fileRef = D1F8F4342238021400C5A997 /* AddWidgetView.swift */; };
/* End PBXBuildFile section */

/* Begin PBXFileReference section */
		0E3CA3D7E73EB409C301FB8A /* Pods-Waypoint.debug.xcconfig */ = {isa = PBXFileReference; includeInIndex = 1; lastKnownFileType = text.xcconfig; name = "Pods-Waypoint.debug.xcconfig"; path = "Pods/Target Support Files/Pods-Waypoint/Pods-Waypoint.debug.xcconfig"; sourceTree = "<group>"; };
		4732C8D7DAADC2F592339DCB /* Pods_Waypoint.framework */ = {isa = PBXFileReference; explicitFileType = wrapper.framework; includeInIndex = 0; path = Pods_Waypoint.framework; sourceTree = BUILT_PRODUCTS_DIR; };
		80CA2E99CF4C2788871EB08E /* Pods-Waypoint.release.xcconfig */ = {isa = PBXFileReference; includeInIndex = 1; lastKnownFileType = text.xcconfig; name = "Pods-Waypoint.release.xcconfig"; path = "Pods/Target Support Files/Pods-Waypoint/Pods-Waypoint.release.xcconfig"; sourceTree = "<group>"; };
		C510EFAE21ADAFE500243FA2 /* DBManager.swift */ = {isa = PBXFileReference; lastKnownFileType = sourcecode.swift; path = DBManager.swift; sourceTree = "<group>"; };
		C5BD13A721DF4B9C00BE7F17 /* GeoFenceManager.swift */ = {isa = PBXFileReference; lastKnownFileType = sourcecode.swift; path = GeoFenceManager.swift; sourceTree = "<group>"; };
		D105384D2239D9FA00AC5862 /* Waypoint.entitlements */ = {isa = PBXFileReference; lastKnownFileType = text.plist.entitlements; path = Waypoint.entitlements; sourceTree = "<group>"; };
		D118587A226646C4001F183C /* Roboto-LightItalic.ttf */ = {isa = PBXFileReference; lastKnownFileType = file; path = "Roboto-LightItalic.ttf"; sourceTree = "<group>"; };
		D12A54FC2272152B00A471C2 /* ForgotPasswordViewController.swift */ = {isa = PBXFileReference; lastKnownFileType = sourcecode.swift; path = ForgotPasswordViewController.swift; sourceTree = "<group>"; };
		D140339221CA97F40030BC62 /* LinkWidget.swift */ = {isa = PBXFileReference; lastKnownFileType = sourcecode.swift; path = LinkWidget.swift; sourceTree = "<group>"; };
		D140339421CAF1890030BC62 /* UINoteView.swift */ = {isa = PBXFileReference; lastKnownFileType = sourcecode.swift; path = UINoteView.swift; sourceTree = "<group>"; };
		D140339621CAF5370030BC62 /* NoteLayoutViewController.swift */ = {isa = PBXFileReference; lastKnownFileType = sourcecode.swift; path = NoteLayoutViewController.swift; sourceTree = "<group>"; };
		D1427CA1223B016C00B7512C /* loading.gif */ = {isa = PBXFileReference; lastKnownFileType = image.gif; name = loading.gif; path = ../../../loading.gif; sourceTree = "<group>"; };
		D1427CA3223BEB8600B7512C /* CreateDrawingViewController.swift */ = {isa = PBXFileReference; fileEncoding = 4; lastKnownFileType = sourcecode.swift; path = CreateDrawingViewController.swift; sourceTree = "<group>"; };
		D17A0D4622765BDC0054D6FB /* EditNoteViewController.swift */ = {isa = PBXFileReference; lastKnownFileType = sourcecode.swift; path = EditNoteViewController.swift; sourceTree = "<group>"; };
		D17A0D48227748D00054D6FB /* refreshGif.gif */ = {isa = PBXFileReference; lastKnownFileType = image.gif; path = refreshGif.gif; sourceTree = "<group>"; };
		D17A0D4A2277491A0054D6FB /* refreshGif@3x.gif */ = {isa = PBXFileReference; lastKnownFileType = image.gif; path = "refreshGif@3x.gif"; sourceTree = "<group>"; };
		D17A0D4C2277494F0054D6FB /* refreshGif@2x.gif */ = {isa = PBXFileReference; lastKnownFileType = image.gif; path = "refreshGif@2x.gif"; sourceTree = "<group>"; };
		D17A0D4E22778F230054D6FB /* drawingGif.gif */ = {isa = PBXFileReference; lastKnownFileType = image.gif; path = drawingGif.gif; sourceTree = "<group>"; };
		D17A0D50227898280054D6FB /* NoteBar.swift */ = {isa = PBXFileReference; lastKnownFileType = sourcecode.swift; path = NoteBar.swift; sourceTree = "<group>"; };
		D18862A422617E1000998F91 /* FullScreenImageViewController.swift */ = {isa = PBXFileReference; lastKnownFileType = sourcecode.swift; path = FullScreenImageViewController.swift; sourceTree = "<group>"; };
		D18BCE1F226E9D2F009E83DC /* ErrorBar.swift */ = {isa = PBXFileReference; lastKnownFileType = sourcecode.swift; path = ErrorBar.swift; sourceTree = "<group>"; };
		D1A7998021BA631F002AF7B2 /* CustomPointAnnotation.swift */ = {isa = PBXFileReference; lastKnownFileType = sourcecode.swift; path = CustomPointAnnotation.swift; sourceTree = "<group>"; };
		D1A7998621BA6EF3002AF7B2 /* MyBulletinViewController.swift */ = {isa = PBXFileReference; lastKnownFileType = sourcecode.swift; path = MyBulletinViewController.swift; sourceTree = "<group>"; };
		D1A7998821BA6FE7002AF7B2 /* SettingsViewController.swift */ = {isa = PBXFileReference; lastKnownFileType = sourcecode.swift; path = SettingsViewController.swift; sourceTree = "<group>"; };
		D1A7998A21BB3906002AF7B2 /* SignInViewController.swift */ = {isa = PBXFileReference; lastKnownFileType = sourcecode.swift; path = SignInViewController.swift; sourceTree = "<group>"; };
		D1A7999021BC68DE002AF7B2 /* SignUpViewController.swift */ = {isa = PBXFileReference; lastKnownFileType = sourcecode.swift; path = SignUpViewController.swift; sourceTree = "<group>"; };
		D1A8EE242232F77600B308CF /* UIImage+Gif.swift */ = {isa = PBXFileReference; lastKnownFileType = sourcecode.swift; path = "UIImage+Gif.swift"; sourceTree = "<group>"; };
		D1A8EE302235BFB800B308CF /* Roboto-Regular.ttf */ = {isa = PBXFileReference; lastKnownFileType = file; name = "Roboto-Regular.ttf"; path = "../../../../../Downloads/Roboto/Roboto-Regular.ttf"; sourceTree = "<group>"; };
		D1A8EE312235BFB800B308CF /* Roboto-Bold.ttf */ = {isa = PBXFileReference; lastKnownFileType = file; name = "Roboto-Bold.ttf"; path = "../../../../../Downloads/Roboto/Roboto-Bold.ttf"; sourceTree = "<group>"; };
		D1A8EE342235C04100B308CF /* Roboto-Medium.ttf */ = {isa = PBXFileReference; lastKnownFileType = file; path = "Roboto-Medium.ttf"; sourceTree = "<group>"; };
		D1A8EE362235C47E00B308CF /* Roboto-MediumItalic.ttf */ = {isa = PBXFileReference; lastKnownFileType = file; path = "Roboto-MediumItalic.ttf"; sourceTree = "<group>"; };
		D1AE58C4219E025E003FF5DB /* Waypoint.app */ = {isa = PBXFileReference; explicitFileType = wrapper.application; includeInIndex = 0; path = Waypoint.app; sourceTree = BUILT_PRODUCTS_DIR; };
		D1AE58C7219E025E003FF5DB /* AppDelegate.swift */ = {isa = PBXFileReference; lastKnownFileType = sourcecode.swift; path = AppDelegate.swift; sourceTree = "<group>"; };
		D1AE58C9219E025E003FF5DB /* MapViewController.swift */ = {isa = PBXFileReference; lastKnownFileType = sourcecode.swift; path = MapViewController.swift; sourceTree = "<group>"; };
		D1AE58CC219E025E003FF5DB /* Base */ = {isa = PBXFileReference; lastKnownFileType = file.storyboard; name = Base; path = Base.lproj/Main.storyboard; sourceTree = "<group>"; };
		D1AE58CE219E0262003FF5DB /* Assets.xcassets */ = {isa = PBXFileReference; lastKnownFileType = folder.assetcatalog; path = Assets.xcassets; sourceTree = "<group>"; };
		D1AE58D1219E0262003FF5DB /* Base */ = {isa = PBXFileReference; lastKnownFileType = file.storyboard; name = Base; path = Base.lproj/LaunchScreen.storyboard; sourceTree = "<group>"; };
		D1AE58D3219E0262003FF5DB /* Info.plist */ = {isa = PBXFileReference; lastKnownFileType = text.plist.xml; path = Info.plist; sourceTree = "<group>"; };
		D1AE58D9219E0F5C003FF5DB /* NoteView.swift */ = {isa = PBXFileReference; lastKnownFileType = sourcecode.swift; path = NoteView.swift; sourceTree = "<group>"; };
		D1AE58DB219E5183003FF5DB /* Note.swift */ = {isa = PBXFileReference; lastKnownFileType = sourcecode.swift; path = Note.swift; sourceTree = "<group>"; };
		D1AE58E3219F894E003FF5DB /* CreateNoteViewController.swift */ = {isa = PBXFileReference; lastKnownFileType = sourcecode.swift; path = CreateNoteViewController.swift; sourceTree = "<group>"; };
		D1AE58F321ADD967003FF5DB /* NoteCreator.swift */ = {isa = PBXFileReference; lastKnownFileType = sourcecode.swift; path = NoteCreator.swift; sourceTree = "<group>"; };
		D1B648FB21B6426400B74900 /* Podfile */ = {isa = PBXFileReference; fileEncoding = 4; lastKnownFileType = text; path = Podfile; sourceTree = "<group>"; xcLanguageSpecificationIdentifier = xcode.lang.ruby; };
		D1D35D2221B7118600272F76 /* GoogleService-Info.plist */ = {isa = PBXFileReference; fileEncoding = 4; lastKnownFileType = text.plist.xml; path = "GoogleService-Info.plist"; sourceTree = "<group>"; };
		D1DBA67B222B4A3E006D5728 /* Lato-Bold.ttf */ = {isa = PBXFileReference; lastKnownFileType = file; path = "Lato-Bold.ttf"; sourceTree = "<group>"; };
		D1DBA67C222B4A40006D5728 /* Lato-Regular.ttf */ = {isa = PBXFileReference; lastKnownFileType = file; path = "Lato-Regular.ttf"; sourceTree = "<group>"; };
		D1DDA16421C2B9EC00E3F2B0 /* TitleView.swift */ = {isa = PBXFileReference; lastKnownFileType = sourcecode.swift; path = TitleView.swift; sourceTree = "<group>"; };
		D1DDA16621C2C69300E3F2B0 /* TextWidget.swift */ = {isa = PBXFileReference; lastKnownFileType = sourcecode.swift; path = TextWidget.swift; sourceTree = "<group>"; };
		D1DDA16821C45DB900E3F2B0 /* ImageFrameView.swift */ = {isa = PBXFileReference; lastKnownFileType = sourcecode.swift; path = ImageFrameView.swift; sourceTree = "<group>"; };
		D1DDA17221C863EA00E3F2B0 /* DrawingWidget.swift */ = {isa = PBXFileReference; lastKnownFileType = sourcecode.swift; path = DrawingWidget.swift; sourceTree = "<group>"; };
		D1DDA17421C9C73700E3F2B0 /* ExploreNearbyNotesViewController.swift */ = {isa = PBXFileReference; lastKnownFileType = sourcecode.swift; path = ExploreNearbyNotesViewController.swift; sourceTree = "<group>"; };
		D1F8F4322237F35000C5A997 /* ImageFullScreen.swift */ = {isa = PBXFileReference; lastKnownFileType = sourcecode.swift; path = ImageFullScreen.swift; sourceTree = "<group>"; };
		D1F8F4342238021400C5A997 /* AddWidgetView.swift */ = {isa = PBXFileReference; lastKnownFileType = sourcecode.swift; path = AddWidgetView.swift; sourceTree = "<group>"; };
/* End PBXFileReference section */

/* Begin PBXFrameworksBuildPhase section */
		D1AE58C1219E025E003FF5DB /* Frameworks */ = {
			isa = PBXFrameworksBuildPhase;
			buildActionMask = 2147483647;
			files = (
				13E6AFCA1F837775253FB43F /* Pods_Waypoint.framework in Frameworks */,
			);
			runOnlyForDeploymentPostprocessing = 0;
		};
/* End PBXFrameworksBuildPhase section */

/* Begin PBXGroup section */
		7C5D9FA0307799B82A1A030D /* Pods */ = {
			isa = PBXGroup;
			children = (
				0E3CA3D7E73EB409C301FB8A /* Pods-Waypoint.debug.xcconfig */,
				80CA2E99CF4C2788871EB08E /* Pods-Waypoint.release.xcconfig */,
			);
			name = Pods;
			sourceTree = "<group>";
		};
		C71EE452532D2C4D63DDD1A0 /* Frameworks */ = {
			isa = PBXGroup;
			children = (
				4732C8D7DAADC2F592339DCB /* Pods_Waypoint.framework */,
			);
			name = Frameworks;
			sourceTree = "<group>";
		};
		D1A8EE1D2231798B00B308CF /* Recovered References */ = {
			isa = PBXGroup;
			children = (
			);
			name = "Recovered References";
			sourceTree = "<group>";
		};
		D1AE58BB219E025E003FF5DB = {
			isa = PBXGroup;
			children = (
				D105384D2239D9FA00AC5862 /* Waypoint.entitlements */,
				D1B648FB21B6426400B74900 /* Podfile */,
				D1AE58C6219E025E003FF5DB /* Waypoint */,
				D1AE58C5219E025E003FF5DB /* Products */,
				7C5D9FA0307799B82A1A030D /* Pods */,
				C71EE452532D2C4D63DDD1A0 /* Frameworks */,
				D1A8EE1D2231798B00B308CF /* Recovered References */,
			);
			sourceTree = "<group>";
		};
		D1AE58C5219E025E003FF5DB /* Products */ = {
			isa = PBXGroup;
			children = (
				D1AE58C4219E025E003FF5DB /* Waypoint.app */,
			);
			name = Products;
			sourceTree = "<group>";
		};
		D1AE58C6219E025E003FF5DB /* Waypoint */ = {
			isa = PBXGroup;
			children = (
				D1AE58D3219E0262003FF5DB /* Info.plist */,
				D1DBA67A222B4A22006D5728 /* Fonts */,
				D1F8F4382238074300C5A997 /* Supporting Files */,
				D1F8F437223806B800C5A997 /* View Controllers */,
				D1AE58CB219E025E003FF5DB /* Main.storyboard */,
				D1AE58CE219E0262003FF5DB /* Assets.xcassets */,
				D1AE58D0219E0262003FF5DB /* LaunchScreen.storyboard */,
				D1AE58D9219E0F5C003FF5DB /* NoteView.swift */,
				D1AE58DB219E5183003FF5DB /* Note.swift */,
				D17A0D4C2277494F0054D6FB /* refreshGif@2x.gif */,
				D17A0D4E22778F230054D6FB /* drawingGif.gif */,
				D17A0D4A2277491A0054D6FB /* refreshGif@3x.gif */,
				C510EFAE21ADAFE500243FA2 /* DBManager.swift */,
				D1AE58F321ADD967003FF5DB /* NoteCreator.swift */,
				D1A7998021BA631F002AF7B2 /* CustomPointAnnotation.swift */,
				D1F8F4362238060200C5A997 /* Widgets */,
				D140339421CAF1890030BC62 /* UINoteView.swift */,
				D140339621CAF5370030BC62 /* NoteLayoutViewController.swift */,
				C5BD13A721DF4B9C00BE7F17 /* GeoFenceManager.swift */,
				D1A8EE242232F77600B308CF /* UIImage+Gif.swift */,
				D1F8F4322237F35000C5A997 /* ImageFullScreen.swift */,
				D17A0D48227748D00054D6FB /* refreshGif.gif */,
				D1427CA1223B016C00B7512C /* loading.gif */,
				D18BCE1F226E9D2F009E83DC /* ErrorBar.swift */,
				D17A0D50227898280054D6FB /* NoteBar.swift */,
			);
			path = Waypoint;
			sourceTree = "<group>";
		};
		D1DBA67A222B4A22006D5728 /* Fonts */ = {
			isa = PBXGroup;
			children = (
				D1A8EE312235BFB800B308CF /* Roboto-Bold.ttf */,
				D1A8EE342235C04100B308CF /* Roboto-Medium.ttf */,
				D1A8EE302235BFB800B308CF /* Roboto-Regular.ttf */,
				D118587A226646C4001F183C /* Roboto-LightItalic.ttf */,
				D1A8EE362235C47E00B308CF /* Roboto-MediumItalic.ttf */,
				D1DBA67B222B4A3E006D5728 /* Lato-Bold.ttf */,
				D1DBA67C222B4A40006D5728 /* Lato-Regular.ttf */,
			);
			path = Fonts;
			sourceTree = "<group>";
		};
		D1F8F4362238060200C5A997 /* Widgets */ = {
			isa = PBXGroup;
			children = (
				D1DDA16421C2B9EC00E3F2B0 /* TitleView.swift */,
				D1DDA16621C2C69300E3F2B0 /* TextWidget.swift */,
				D1DDA16821C45DB900E3F2B0 /* ImageFrameView.swift */,
				D1DDA17221C863EA00E3F2B0 /* DrawingWidget.swift */,
				D140339221CA97F40030BC62 /* LinkWidget.swift */,
				D1F8F4342238021400C5A997 /* AddWidgetView.swift */,
			);
			path = Widgets;
			sourceTree = "<group>";
		};
		D1F8F437223806B800C5A997 /* View Controllers */ = {
			isa = PBXGroup;
			children = (
				D1AE58E3219F894E003FF5DB /* CreateNoteViewController.swift */,
				D1427CA3223BEB8600B7512C /* CreateDrawingViewController.swift */,
				D1AE58C9219E025E003FF5DB /* MapViewController.swift */,
				D1A7998621BA6EF3002AF7B2 /* MyBulletinViewController.swift */,
				D1A7998821BA6FE7002AF7B2 /* SettingsViewController.swift */,
				D1A7998A21BB3906002AF7B2 /* SignInViewController.swift */,
				D1A7999021BC68DE002AF7B2 /* SignUpViewController.swift */,
				D1DDA17421C9C73700E3F2B0 /* ExploreNearbyNotesViewController.swift */,
				D18862A422617E1000998F91 /* FullScreenImageViewController.swift */,
				D12A54FC2272152B00A471C2 /* ForgotPasswordViewController.swift */,
				D17A0D4622765BDC0054D6FB /* EditNoteViewController.swift */,
			);
			path = "View Controllers";
			sourceTree = "<group>";
		};
		D1F8F4382238074300C5A997 /* Supporting Files */ = {
			isa = PBXGroup;
			children = (
				D1AE58C7219E025E003FF5DB /* AppDelegate.swift */,
				D1D35D2221B7118600272F76 /* GoogleService-Info.plist */,
			);
			path = "Supporting Files";
			sourceTree = "<group>";
		};
/* End PBXGroup section */

/* Begin PBXNativeTarget section */
		D1AE58C3219E025E003FF5DB /* Waypoint */ = {
			isa = PBXNativeTarget;
			buildConfigurationList = D1AE58D6219E0262003FF5DB /* Build configuration list for PBXNativeTarget "Waypoint" */;
			buildPhases = (
				4B6DAA5A5D5FE6236396B449 /* [CP] Check Pods Manifest.lock */,
				D1AE58C0219E025E003FF5DB /* Sources */,
				D1AE58C1219E025E003FF5DB /* Frameworks */,
				D1AE58C2219E025E003FF5DB /* Resources */,
				0AF0E903A62C90D943B8BA31 /* [CP] Embed Pods Frameworks */,
			);
			buildRules = (
			);
			dependencies = (
			);
			name = Waypoint;
			productName = Bulletin;
			productReference = D1AE58C4219E025E003FF5DB /* Waypoint.app */;
			productType = "com.apple.product-type.application";
		};
/* End PBXNativeTarget section */

/* Begin PBXProject section */
		D1AE58BC219E025E003FF5DB /* Project object */ = {
			isa = PBXProject;
			attributes = {
				LastSwiftUpdateCheck = 1000;
				LastUpgradeCheck = 1000;
				ORGANIZATIONNAME = "Ethan Alvey";
				TargetAttributes = {
					D1AE58C3219E025E003FF5DB = {
						CreatedOnToolsVersion = 10.0;
						SystemCapabilities = {
							com.apple.ApplicationGroups.iOS = {
								enabled = 0;
							};
							com.apple.Keychain = {
								enabled = 0;
							};
						};
					};
				};
			};
			buildConfigurationList = D1AE58BF219E025E003FF5DB /* Build configuration list for PBXProject "Waypoint" */;
			compatibilityVersion = "Xcode 10.0";
			developmentRegion = en;
			hasScannedForEncodings = 0;
			knownRegions = (
				en,
				Base,
			);
			mainGroup = D1AE58BB219E025E003FF5DB;
			productRefGroup = D1AE58C5219E025E003FF5DB /* Products */;
			projectDirPath = "";
			projectRoot = "";
			targets = (
				D1AE58C3219E025E003FF5DB /* Waypoint */,
			);
		};
/* End PBXProject section */

/* Begin PBXResourcesBuildPhase section */
		D1AE58C2219E025E003FF5DB /* Resources */ = {
			isa = PBXResourcesBuildPhase;
			buildActionMask = 2147483647;
			files = (
				D1B648FC21B6426400B74900 /* Podfile in Resources */,
				D1A8EE372235C47E00B308CF /* Roboto-MediumItalic.ttf in Resources */,
				D1A8EE332235BFB800B308CF /* Roboto-Bold.ttf in Resources */,
				D1AE58D2219E0262003FF5DB /* LaunchScreen.storyboard in Resources */,
				D17A0D4D227749510054D6FB /* refreshGif@2x.gif in Resources */,
				D118587B226646C5001F183C /* Roboto-LightItalic.ttf in Resources */,
				D1DBA67D222B4A56006D5728 /* Lato-Bold.ttf in Resources */,
				D1D35D2321B7118600272F76 /* GoogleService-Info.plist in Resources */,
				D17A0D49227748D10054D6FB /* refreshGif.gif in Resources */,
				D1A8EE322235BFB800B308CF /* Roboto-Regular.ttf in Resources */,
				D17A0D4B2277491C0054D6FB /* refreshGif@3x.gif in Resources */,
				D1DBA67E222B4A59006D5728 /* Lato-Regular.ttf in Resources */,
				D1AE58CF219E0262003FF5DB /* Assets.xcassets in Resources */,
				D1427CA2223B016F00B7512C /* loading.gif in Resources */,
				D1A8EE352235C04100B308CF /* Roboto-Medium.ttf in Resources */,
				D1AE58CD219E025E003FF5DB /* Main.storyboard in Resources */,
				D17A0D4F22778F280054D6FB /* drawingGif.gif in Resources */,
			);
			runOnlyForDeploymentPostprocessing = 0;
		};
/* End PBXResourcesBuildPhase section */

/* Begin PBXShellScriptBuildPhase section */
		0AF0E903A62C90D943B8BA31 /* [CP] Embed Pods Frameworks */ = {
			isa = PBXShellScriptBuildPhase;
			buildActionMask = 2147483647;
			files = (
			);
			inputFileListPaths = (
			);
			inputPaths = (
				"${SRCROOT}/Pods/Target Support Files/Pods-Waypoint/Pods-Waypoint-frameworks.sh",
				"${PODS_ROOT}/Appgrades/Appgrades/Appgrades.framework",
				"${BUILT_PRODUCTS_DIR}/GTMSessionFetcher/GTMSessionFetcher.framework",
				"${BUILT_PRODUCTS_DIR}/GoogleUtilities/GoogleUtilities.framework",
				"${BUILT_PRODUCTS_DIR}/SDWebImage/SDWebImage.framework",
				"${BUILT_PRODUCTS_DIR}/leveldb-library/leveldb.framework",
				"${BUILT_PRODUCTS_DIR}/nanopb/nanopb.framework",
			);
			name = "[CP] Embed Pods Frameworks";
			outputFileListPaths = (
			);
			outputPaths = (
				"${TARGET_BUILD_DIR}/${FRAMEWORKS_FOLDER_PATH}/Appgrades.framework",
				"${TARGET_BUILD_DIR}/${FRAMEWORKS_FOLDER_PATH}/GTMSessionFetcher.framework",
				"${TARGET_BUILD_DIR}/${FRAMEWORKS_FOLDER_PATH}/GoogleUtilities.framework",
				"${TARGET_BUILD_DIR}/${FRAMEWORKS_FOLDER_PATH}/SDWebImage.framework",
				"${TARGET_BUILD_DIR}/${FRAMEWORKS_FOLDER_PATH}/leveldb.framework",
				"${TARGET_BUILD_DIR}/${FRAMEWORKS_FOLDER_PATH}/nanopb.framework",
			);
			runOnlyForDeploymentPostprocessing = 0;
			shellPath = /bin/sh;
			shellScript = "\"${SRCROOT}/Pods/Target Support Files/Pods-Waypoint/Pods-Waypoint-frameworks.sh\"\n";
			showEnvVarsInLog = 0;
		};
		4B6DAA5A5D5FE6236396B449 /* [CP] Check Pods Manifest.lock */ = {
			isa = PBXShellScriptBuildPhase;
			buildActionMask = 2147483647;
			files = (
			);
			inputFileListPaths = (
			);
			inputPaths = (
				"${PODS_PODFILE_DIR_PATH}/Podfile.lock",
				"${PODS_ROOT}/Manifest.lock",
			);
			name = "[CP] Check Pods Manifest.lock";
			outputFileListPaths = (
			);
			outputPaths = (
				"$(DERIVED_FILE_DIR)/Pods-Waypoint-checkManifestLockResult.txt",
			);
			runOnlyForDeploymentPostprocessing = 0;
			shellPath = /bin/sh;
			shellScript = "diff \"${PODS_PODFILE_DIR_PATH}/Podfile.lock\" \"${PODS_ROOT}/Manifest.lock\" > /dev/null\nif [ $? != 0 ] ; then\n    # print error to STDERR\n    echo \"error: The sandbox is not in sync with the Podfile.lock. Run 'pod install' or update your CocoaPods installation.\" >&2\n    exit 1\nfi\n# This output is used by Xcode 'outputs' to avoid re-running this script phase.\necho \"SUCCESS\" > \"${SCRIPT_OUTPUT_FILE_0}\"\n";
			showEnvVarsInLog = 0;
		};
/* End PBXShellScriptBuildPhase section */

/* Begin PBXSourcesBuildPhase section */
		D1AE58C0219E025E003FF5DB /* Sources */ = {
			isa = PBXSourcesBuildPhase;
			buildActionMask = 2147483647;
			files = (
				C5BD13A821DF4B9C00BE7F17 /* GeoFenceManager.swift in Sources */,
				D18862A522617E1000998F91 /* FullScreenImageViewController.swift in Sources */,
				D140339721CAF5370030BC62 /* NoteLayoutViewController.swift in Sources */,
				D140339321CA97F40030BC62 /* LinkWidget.swift in Sources */,
				D1A8EE252232F77600B308CF /* UIImage+Gif.swift in Sources */,
				D1AE58CA219E025E003FF5DB /* MapViewController.swift in Sources */,
				D1F8F4332237F35100C5A997 /* ImageFullScreen.swift in Sources */,
				D1AE58E4219F894E003FF5DB /* CreateNoteViewController.swift in Sources */,
				D12A54FD2272152C00A471C2 /* ForgotPasswordViewController.swift in Sources */,
				D1AE58C8219E025E003FF5DB /* AppDelegate.swift in Sources */,
				D17A0D4722765BDC0054D6FB /* EditNoteViewController.swift in Sources */,
				D1DDA17321C863EA00E3F2B0 /* DrawingWidget.swift in Sources */,
				D18BCE20226E9D30009E83DC /* ErrorBar.swift in Sources */,
				D1DDA16721C2C69300E3F2B0 /* TextWidget.swift in Sources */,
				D1AE58DA219E0F5C003FF5DB /* NoteView.swift in Sources */,
				D1A7998B21BB3906002AF7B2 /* SignInViewController.swift in Sources */,
				D1F8F4352238021400C5A997 /* AddWidgetView.swift in Sources */,
				C510EFAF21ADAFE500243FA2 /* DBManager.swift in Sources */,
				D140339521CAF1890030BC62 /* UINoteView.swift in Sources */,
				D1A7998121BA631F002AF7B2 /* CustomPointAnnotation.swift in Sources */,
				D1A7999121BC68DE002AF7B2 /* SignUpViewController.swift in Sources */,
				D1A7998721BA6EF3002AF7B2 /* MyBulletinViewController.swift in Sources */,
				D1AE58F421ADD967003FF5DB /* NoteCreator.swift in Sources */,
				D1AE58DC219E5183003FF5DB /* Note.swift in Sources */,
				D1427CA4223BEB8700B7512C /* CreateDrawingViewController.swift in Sources */,
				D1DDA17521C9C73700E3F2B0 /* ExploreNearbyNotesViewController.swift in Sources */,
				D1A7998921BA6FE7002AF7B2 /* SettingsViewController.swift in Sources */,
				D1DDA16521C2B9ED00E3F2B0 /* TitleView.swift in Sources */,
				D1DDA16921C45DB900E3F2B0 /* ImageFrameView.swift in Sources */,
				D17A0D51227898290054D6FB /* NoteBar.swift in Sources */,
			);
			runOnlyForDeploymentPostprocessing = 0;
		};
/* End PBXSourcesBuildPhase section */

/* Begin PBXVariantGroup section */
		D1AE58CB219E025E003FF5DB /* Main.storyboard */ = {
			isa = PBXVariantGroup;
			children = (
				D1AE58CC219E025E003FF5DB /* Base */,
			);
			name = Main.storyboard;
			sourceTree = "<group>";
		};
		D1AE58D0219E0262003FF5DB /* LaunchScreen.storyboard */ = {
			isa = PBXVariantGroup;
			children = (
				D1AE58D1219E0262003FF5DB /* Base */,
			);
			name = LaunchScreen.storyboard;
			sourceTree = "<group>";
		};
/* End PBXVariantGroup section */

/* Begin XCBuildConfiguration section */
		D1AE58D4219E0262003FF5DB /* Debug */ = {
			isa = XCBuildConfiguration;
			buildSettings = {
				ALWAYS_SEARCH_USER_PATHS = NO;
				CLANG_ANALYZER_NONNULL = YES;
				CLANG_ANALYZER_NUMBER_OBJECT_CONVERSION = YES_AGGRESSIVE;
				CLANG_CXX_LANGUAGE_STANDARD = "gnu++14";
				CLANG_CXX_LIBRARY = "libc++";
				CLANG_ENABLE_MODULES = YES;
				CLANG_ENABLE_OBJC_ARC = YES;
				CLANG_ENABLE_OBJC_WEAK = YES;
				CLANG_WARN_BLOCK_CAPTURE_AUTORELEASING = YES;
				CLANG_WARN_BOOL_CONVERSION = YES;
				CLANG_WARN_COMMA = YES;
				CLANG_WARN_CONSTANT_CONVERSION = YES;
				CLANG_WARN_DEPRECATED_OBJC_IMPLEMENTATIONS = YES;
				CLANG_WARN_DIRECT_OBJC_ISA_USAGE = YES_ERROR;
				CLANG_WARN_DOCUMENTATION_COMMENTS = YES;
				CLANG_WARN_EMPTY_BODY = YES;
				CLANG_WARN_ENUM_CONVERSION = YES;
				CLANG_WARN_INFINITE_RECURSION = YES;
				CLANG_WARN_INT_CONVERSION = YES;
				CLANG_WARN_NON_LITERAL_NULL_CONVERSION = YES;
				CLANG_WARN_OBJC_IMPLICIT_RETAIN_SELF = YES;
				CLANG_WARN_OBJC_LITERAL_CONVERSION = YES;
				CLANG_WARN_OBJC_ROOT_CLASS = YES_ERROR;
				CLANG_WARN_RANGE_LOOP_ANALYSIS = YES;
				CLANG_WARN_STRICT_PROTOTYPES = YES;
				CLANG_WARN_SUSPICIOUS_MOVE = YES;
				CLANG_WARN_UNGUARDED_AVAILABILITY = YES_AGGRESSIVE;
				CLANG_WARN_UNREACHABLE_CODE = YES;
				CLANG_WARN__DUPLICATE_METHOD_MATCH = YES;
				CODE_SIGN_IDENTITY = "iPhone Developer";
				COPY_PHASE_STRIP = NO;
				DEBUG_INFORMATION_FORMAT = dwarf;
				ENABLE_STRICT_OBJC_MSGSEND = YES;
				ENABLE_TESTABILITY = YES;
				GCC_C_LANGUAGE_STANDARD = gnu11;
				GCC_DYNAMIC_NO_PIC = NO;
				GCC_NO_COMMON_BLOCKS = YES;
				GCC_OPTIMIZATION_LEVEL = 0;
				GCC_PREPROCESSOR_DEFINITIONS = (
					"DEBUG=1",
					"$(inherited)",
				);
				GCC_WARN_64_TO_32_BIT_CONVERSION = YES;
				GCC_WARN_ABOUT_RETURN_TYPE = YES_ERROR;
				GCC_WARN_UNDECLARED_SELECTOR = YES;
				GCC_WARN_UNINITIALIZED_AUTOS = YES_AGGRESSIVE;
				GCC_WARN_UNUSED_FUNCTION = YES;
				GCC_WARN_UNUSED_VARIABLE = YES;
				IPHONEOS_DEPLOYMENT_TARGET = 12.0;
				MTL_ENABLE_DEBUG_INFO = INCLUDE_SOURCE;
				MTL_FAST_MATH = YES;
				ONLY_ACTIVE_ARCH = YES;
				SDKROOT = iphoneos;
				SWIFT_ACTIVE_COMPILATION_CONDITIONS = DEBUG;
				SWIFT_OPTIMIZATION_LEVEL = "-Onone";
			};
			name = Debug;
		};
		D1AE58D5219E0262003FF5DB /* Release */ = {
			isa = XCBuildConfiguration;
			buildSettings = {
				ALWAYS_SEARCH_USER_PATHS = NO;
				CLANG_ANALYZER_NONNULL = YES;
				CLANG_ANALYZER_NUMBER_OBJECT_CONVERSION = YES_AGGRESSIVE;
				CLANG_CXX_LANGUAGE_STANDARD = "gnu++14";
				CLANG_CXX_LIBRARY = "libc++";
				CLANG_ENABLE_MODULES = YES;
				CLANG_ENABLE_OBJC_ARC = YES;
				CLANG_ENABLE_OBJC_WEAK = YES;
				CLANG_WARN_BLOCK_CAPTURE_AUTORELEASING = YES;
				CLANG_WARN_BOOL_CONVERSION = YES;
				CLANG_WARN_COMMA = YES;
				CLANG_WARN_CONSTANT_CONVERSION = YES;
				CLANG_WARN_DEPRECATED_OBJC_IMPLEMENTATIONS = YES;
				CLANG_WARN_DIRECT_OBJC_ISA_USAGE = YES_ERROR;
				CLANG_WARN_DOCUMENTATION_COMMENTS = YES;
				CLANG_WARN_EMPTY_BODY = YES;
				CLANG_WARN_ENUM_CONVERSION = YES;
				CLANG_WARN_INFINITE_RECURSION = YES;
				CLANG_WARN_INT_CONVERSION = YES;
				CLANG_WARN_NON_LITERAL_NULL_CONVERSION = YES;
				CLANG_WARN_OBJC_IMPLICIT_RETAIN_SELF = YES;
				CLANG_WARN_OBJC_LITERAL_CONVERSION = YES;
				CLANG_WARN_OBJC_ROOT_CLASS = YES_ERROR;
				CLANG_WARN_RANGE_LOOP_ANALYSIS = YES;
				CLANG_WARN_STRICT_PROTOTYPES = YES;
				CLANG_WARN_SUSPICIOUS_MOVE = YES;
				CLANG_WARN_UNGUARDED_AVAILABILITY = YES_AGGRESSIVE;
				CLANG_WARN_UNREACHABLE_CODE = YES;
				CLANG_WARN__DUPLICATE_METHOD_MATCH = YES;
				CODE_SIGN_IDENTITY = "iPhone Developer";
				COPY_PHASE_STRIP = NO;
				DEBUG_INFORMATION_FORMAT = "dwarf-with-dsym";
				ENABLE_NS_ASSERTIONS = NO;
				ENABLE_STRICT_OBJC_MSGSEND = YES;
				GCC_C_LANGUAGE_STANDARD = gnu11;
				GCC_NO_COMMON_BLOCKS = YES;
				GCC_WARN_64_TO_32_BIT_CONVERSION = YES;
				GCC_WARN_ABOUT_RETURN_TYPE = YES_ERROR;
				GCC_WARN_UNDECLARED_SELECTOR = YES;
				GCC_WARN_UNINITIALIZED_AUTOS = YES_AGGRESSIVE;
				GCC_WARN_UNUSED_FUNCTION = YES;
				GCC_WARN_UNUSED_VARIABLE = YES;
				IPHONEOS_DEPLOYMENT_TARGET = 12.0;
				MTL_ENABLE_DEBUG_INFO = NO;
				MTL_FAST_MATH = YES;
				SDKROOT = iphoneos;
				SWIFT_COMPILATION_MODE = wholemodule;
				SWIFT_OPTIMIZATION_LEVEL = "-O";
				VALIDATE_PRODUCT = YES;
			};
			name = Release;
		};
		D1AE58D7219E0262003FF5DB /* Debug */ = {
			isa = XCBuildConfiguration;
			baseConfigurationReference = 0E3CA3D7E73EB409C301FB8A /* Pods-Waypoint.debug.xcconfig */;
			buildSettings = {
				ASSETCATALOG_COMPILER_APPICON_NAME = AppIcon;
				CODE_SIGN_ENTITLEMENTS = Waypoint.entitlements;
				CODE_SIGN_STYLE = Automatic;
				DEVELOPMENT_TEAM = XJ9977MMWP;
				INFOPLIST_FILE = "$(SRCROOT)/Waypoint/Info.plist";
				IPHONEOS_DEPLOYMENT_TARGET = 10.0;
				LD_RUNPATH_SEARCH_PATHS = (
					"$(inherited)",
					"@executable_path/Frameworks",
				);
				PRODUCT_BUNDLE_IDENTIFIER = com.fractyldev.bulletin;
				PRODUCT_NAME = "$(TARGET_NAME)";
				SWIFT_REFLECTION_METADATA_LEVEL = all;
				SWIFT_VERSION = 4.2;
				TARGETED_DEVICE_FAMILY = "1,2";
			};
			name = Debug;
		};
		D1AE58D8219E0262003FF5DB /* Release */ = {
			isa = XCBuildConfiguration;
			baseConfigurationReference = 80CA2E99CF4C2788871EB08E /* Pods-Waypoint.release.xcconfig */;
			buildSettings = {
				ASSETCATALOG_COMPILER_APPICON_NAME = AppIcon;
				CODE_SIGN_ENTITLEMENTS = Waypoint.entitlements;
				CODE_SIGN_STYLE = Automatic;
				DEVELOPMENT_TEAM = XJ9977MMWP;
				INFOPLIST_FILE = "$(SRCROOT)/Waypoint/Info.plist";
				IPHONEOS_DEPLOYMENT_TARGET = 10.0;
				LD_RUNPATH_SEARCH_PATHS = (
					"$(inherited)",
					"@executable_path/Frameworks",
				);
				PRODUCT_BUNDLE_IDENTIFIER = com.fractyldev.bulletin;
				PRODUCT_NAME = "$(TARGET_NAME)";
				SWIFT_REFLECTION_METADATA_LEVEL = all;
				SWIFT_VERSION = 4.2;
				TARGETED_DEVICE_FAMILY = "1,2";
			};
			name = Release;
		};
/* End XCBuildConfiguration section */

/* Begin XCConfigurationList section */
		D1AE58BF219E025E003FF5DB /* Build configuration list for PBXProject "Waypoint" */ = {
			isa = XCConfigurationList;
			buildConfigurations = (
				D1AE58D4219E0262003FF5DB /* Debug */,
				D1AE58D5219E0262003FF5DB /* Release */,
			);
			defaultConfigurationIsVisible = 0;
			defaultConfigurationName = Release;
		};
		D1AE58D6219E0262003FF5DB /* Build configuration list for PBXNativeTarget "Waypoint" */ = {
			isa = XCConfigurationList;
			buildConfigurations = (
				D1AE58D7219E0262003FF5DB /* Debug */,
				D1AE58D8219E0262003FF5DB /* Release */,
			);
			defaultConfigurationIsVisible = 0;
			defaultConfigurationName = Release;
		};
/* End XCConfigurationList section */
	};
	rootObject = D1AE58BC219E025E003FF5DB /* Project object */;
}
